// !$*UTF8*$!
{
	archiveVersion = 1;
	classes = {
	};
	objectVersion = 46;
	objects = {

/* Begin PBXBuildFile section */
		F84970CB1DEDB76700A38BF6 /* main.m in Sources */ = {isa = PBXBuildFile; fileRef = F84970CA1DEDB76700A38BF6 /* main.m */; };
		F84970CE1DEDB76700A38BF6 /* AppDelegate.m in Sources */ = {isa = PBXBuildFile; fileRef = F84970CD1DEDB76700A38BF6 /* AppDelegate.m */; };
		F84970D41DEDB76700A38BF6 /* Main.storyboard in Resources */ = {isa = PBXBuildFile; fileRef = F84970D21DEDB76700A38BF6 /* Main.storyboard */; };
		F84970D61DEDB76700A38BF6 /* Assets.xcassets in Resources */ = {isa = PBXBuildFile; fileRef = F84970D51DEDB76700A38BF6 /* Assets.xcassets */; };
		F84970D91DEDB76700A38BF6 /* LaunchScreen.storyboard in Resources */ = {isa = PBXBuildFile; fileRef = F84970D71DEDB76700A38BF6 /* LaunchScreen.storyboard */; };
		F84970E41DEDB76700A38BF6 /* YLSettingTests.m in Sources */ = {isa = PBXBuildFile; fileRef = F84970E31DEDB76700A38BF6 /* YLSettingTests.m */; };
		F84970EF1DEDB76700A38BF6 /* YLSettingUITests.m in Sources */ = {isa = PBXBuildFile; fileRef = F84970EE1DEDB76700A38BF6 /* YLSettingUITests.m */; };
		F849710E1DEDB7F600A38BF6 /* UserHomePageVC.m in Sources */ = {isa = PBXBuildFile; fileRef = F849710D1DEDB7F600A38BF6 /* UserHomePageVC.m */; };
		F84971111DEDB82500A38BF6 /* UserInfoHeaderView.m in Sources */ = {isa = PBXBuildFile; fileRef = F84971101DEDB82500A38BF6 /* UserInfoHeaderView.m */; };
		F84971151DEDB88300A38BF6 /* UIView+Frame.m in Sources */ = {isa = PBXBuildFile; fileRef = F84971141DEDB88300A38BF6 /* UIView+Frame.m */; };
		F84971461DEDBAA800A38BF6 /* MJRefreshAutoFooter.m in Sources */ = {isa = PBXBuildFile; fileRef = F849711A1DEDBAA800A38BF6 /* MJRefreshAutoFooter.m */; };
		F84971471DEDBAA800A38BF6 /* MJRefreshBackFooter.m in Sources */ = {isa = PBXBuildFile; fileRef = F849711C1DEDBAA800A38BF6 /* MJRefreshBackFooter.m */; };
		F84971481DEDBAA800A38BF6 /* MJRefreshComponent.m in Sources */ = {isa = PBXBuildFile; fileRef = F849711E1DEDBAA800A38BF6 /* MJRefreshComponent.m */; };
		F84971491DEDBAA800A38BF6 /* MJRefreshFooter.m in Sources */ = {isa = PBXBuildFile; fileRef = F84971201DEDBAA800A38BF6 /* MJRefreshFooter.m */; };
		F849714A1DEDBAA800A38BF6 /* MJRefreshHeader.m in Sources */ = {isa = PBXBuildFile; fileRef = F84971221DEDBAA800A38BF6 /* MJRefreshHeader.m */; };
		F849714B1DEDBAA800A38BF6 /* MJRefreshAutoGifFooter.m in Sources */ = {isa = PBXBuildFile; fileRef = F84971271DEDBAA800A38BF6 /* MJRefreshAutoGifFooter.m */; };
		F849714C1DEDBAA800A38BF6 /* MJRefreshAutoNormalFooter.m in Sources */ = {isa = PBXBuildFile; fileRef = F84971291DEDBAA800A38BF6 /* MJRefreshAutoNormalFooter.m */; };
		F849714D1DEDBAA800A38BF6 /* MJRefreshAutoStateFooter.m in Sources */ = {isa = PBXBuildFile; fileRef = F849712B1DEDBAA800A38BF6 /* MJRefreshAutoStateFooter.m */; };
		F849714E1DEDBAA800A38BF6 /* MJRefreshBackGifFooter.m in Sources */ = {isa = PBXBuildFile; fileRef = F849712E1DEDBAA800A38BF6 /* MJRefreshBackGifFooter.m */; };
		F849714F1DEDBAA800A38BF6 /* MJRefreshBackNormalFooter.m in Sources */ = {isa = PBXBuildFile; fileRef = F84971301DEDBAA800A38BF6 /* MJRefreshBackNormalFooter.m */; };
		F84971501DEDBAA800A38BF6 /* MJRefreshBackStateFooter.m in Sources */ = {isa = PBXBuildFile; fileRef = F84971321DEDBAA800A38BF6 /* MJRefreshBackStateFooter.m */; };
		F84971511DEDBAA800A38BF6 /* MJRefreshGifHeader.m in Sources */ = {isa = PBXBuildFile; fileRef = F84971351DEDBAA800A38BF6 /* MJRefreshGifHeader.m */; };
		F84971521DEDBAA800A38BF6 /* MJRefreshNormalHeader.m in Sources */ = {isa = PBXBuildFile; fileRef = F84971371DEDBAA800A38BF6 /* MJRefreshNormalHeader.m */; };
		F84971531DEDBAA800A38BF6 /* MJRefreshStateHeader.m in Sources */ = {isa = PBXBuildFile; fileRef = F84971391DEDBAA800A38BF6 /* MJRefreshStateHeader.m */; };
		F84971541DEDBAA800A38BF6 /* MJRefresh.bundle in Resources */ = {isa = PBXBuildFile; fileRef = F849713A1DEDBAA800A38BF6 /* MJRefresh.bundle */; };
		F84971551DEDBAA800A38BF6 /* MJRefreshConst.m in Sources */ = {isa = PBXBuildFile; fileRef = F849713D1DEDBAA800A38BF6 /* MJRefreshConst.m */; };
		F84971561DEDBAA800A38BF6 /* NSBundle+MJRefresh.m in Sources */ = {isa = PBXBuildFile; fileRef = F849713F1DEDBAA800A38BF6 /* NSBundle+MJRefresh.m */; };
		F84971571DEDBAA800A38BF6 /* UIScrollView+MJExtension.m in Sources */ = {isa = PBXBuildFile; fileRef = F84971411DEDBAA800A38BF6 /* UIScrollView+MJExtension.m */; };
		F84971581DEDBAA800A38BF6 /* UIScrollView+MJRefresh.m in Sources */ = {isa = PBXBuildFile; fileRef = F84971431DEDBAA800A38BF6 /* UIScrollView+MJRefresh.m */; };
		F84971591DEDBAA800A38BF6 /* UIView+MJExtension.m in Sources */ = {isa = PBXBuildFile; fileRef = F84971451DEDBAA800A38BF6 /* UIView+MJExtension.m */; };
/* End PBXBuildFile section */

/* Begin PBXContainerItemProxy section */
		F84970E01DEDB76700A38BF6 /* PBXContainerItemProxy */ = {
			isa = PBXContainerItemProxy;
			containerPortal = F84970BE1DEDB76700A38BF6 /* Project object */;
			proxyType = 1;
			remoteGlobalIDString = F84970C51DEDB76700A38BF6;
			remoteInfo = YLSetting;
		};
		F84970EB1DEDB76700A38BF6 /* PBXContainerItemProxy */ = {
			isa = PBXContainerItemProxy;
			containerPortal = F84970BE1DEDB76700A38BF6 /* Project object */;
			proxyType = 1;
			remoteGlobalIDString = F84970C51DEDB76700A38BF6;
			remoteInfo = YLSetting;
		};
/* End PBXContainerItemProxy section */

/* Begin PBXFileReference section */
		F84970C61DEDB76700A38BF6 /* YLSetting.app */ = {isa = PBXFileReference; explicitFileType = wrapper.application; includeInIndex = 0; path = YLSetting.app; sourceTree = BUILT_PRODUCTS_DIR; };
		F84970CA1DEDB76700A38BF6 /* main.m */ = {isa = PBXFileReference; lastKnownFileType = sourcecode.c.objc; path = main.m; sourceTree = "<group>"; };
		F84970CC1DEDB76700A38BF6 /* AppDelegate.h */ = {isa = PBXFileReference; lastKnownFileType = sourcecode.c.h; path = AppDelegate.h; sourceTree = "<group>"; };
		F84970CD1DEDB76700A38BF6 /* AppDelegate.m */ = {isa = PBXFileReference; lastKnownFileType = sourcecode.c.objc; path = AppDelegate.m; sourceTree = "<group>"; };
		F84970D31DEDB76700A38BF6 /* Base */ = {isa = PBXFileReference; lastKnownFileType = file.storyboard; name = Base; path = Base.lproj/Main.storyboard; sourceTree = "<group>"; };
		F84970D51DEDB76700A38BF6 /* Assets.xcassets */ = {isa = PBXFileReference; lastKnownFileType = folder.assetcatalog; path = Assets.xcassets; sourceTree = "<group>"; };
		F84970D81DEDB76700A38BF6 /* Base */ = {isa = PBXFileReference; lastKnownFileType = file.storyboard; name = Base; path = Base.lproj/LaunchScreen.storyboard; sourceTree = "<group>"; };
		F84970DA1DEDB76700A38BF6 /* Info.plist */ = {isa = PBXFileReference; lastKnownFileType = text.plist.xml; path = Info.plist; sourceTree = "<group>"; };
		F84970DF1DEDB76700A38BF6 /* YLSettingTests.xctest */ = {isa = PBXFileReference; explicitFileType = wrapper.cfbundle; includeInIndex = 0; path = YLSettingTests.xctest; sourceTree = BUILT_PRODUCTS_DIR; };
		F84970E31DEDB76700A38BF6 /* YLSettingTests.m */ = {isa = PBXFileReference; lastKnownFileType = sourcecode.c.objc; path = YLSettingTests.m; sourceTree = "<group>"; };
		F84970E51DEDB76700A38BF6 /* Info.plist */ = {isa = PBXFileReference; lastKnownFileType = text.plist.xml; path = Info.plist; sourceTree = "<group>"; };
		F84970EA1DEDB76700A38BF6 /* YLSettingUITests.xctest */ = {isa = PBXFileReference; explicitFileType = wrapper.cfbundle; includeInIndex = 0; path = YLSettingUITests.xctest; sourceTree = BUILT_PRODUCTS_DIR; };
		F84970EE1DEDB76700A38BF6 /* YLSettingUITests.m */ = {isa = PBXFileReference; lastKnownFileType = sourcecode.c.objc; path = YLSettingUITests.m; sourceTree = "<group>"; };
		F84970F01DEDB76700A38BF6 /* Info.plist */ = {isa = PBXFileReference; lastKnownFileType = text.plist.xml; path = Info.plist; sourceTree = "<group>"; };
		F849710C1DEDB7F600A38BF6 /* UserHomePageVC.h */ = {isa = PBXFileReference; fileEncoding = 4; lastKnownFileType = sourcecode.c.h; path = UserHomePageVC.h; sourceTree = "<group>"; };
		F849710D1DEDB7F600A38BF6 /* UserHomePageVC.m */ = {isa = PBXFileReference; fileEncoding = 4; lastKnownFileType = sourcecode.c.objc; path = UserHomePageVC.m; sourceTree = "<group>"; };
		F849710F1DEDB82500A38BF6 /* UserInfoHeaderView.h */ = {isa = PBXFileReference; fileEncoding = 4; lastKnownFileType = sourcecode.c.h; path = UserInfoHeaderView.h; sourceTree = "<group>"; };
		F84971101DEDB82500A38BF6 /* UserInfoHeaderView.m */ = {isa = PBXFileReference; fileEncoding = 4; lastKnownFileType = sourcecode.c.objc; path = UserInfoHeaderView.m; sourceTree = "<group>"; };
		F84971131DEDB88300A38BF6 /* UIView+Frame.h */ = {isa = PBXFileReference; fileEncoding = 4; lastKnownFileType = sourcecode.c.h; path = "UIView+Frame.h"; sourceTree = "<group>"; };
		F84971141DEDB88300A38BF6 /* UIView+Frame.m */ = {isa = PBXFileReference; fileEncoding = 4; lastKnownFileType = sourcecode.c.objc; path = "UIView+Frame.m"; sourceTree = "<group>"; };
		F84971191DEDBAA800A38BF6 /* MJRefreshAutoFooter.h */ = {isa = PBXFileReference; fileEncoding = 4; lastKnownFileType = sourcecode.c.h; path = MJRefreshAutoFooter.h; sourceTree = "<group>"; };
		F849711A1DEDBAA800A38BF6 /* MJRefreshAutoFooter.m */ = {isa = PBXFileReference; fileEncoding = 4; lastKnownFileType = sourcecode.c.objc; path = MJRefreshAutoFooter.m; sourceTree = "<group>"; };
		F849711B1DEDBAA800A38BF6 /* MJRefreshBackFooter.h */ = {isa = PBXFileReference; fileEncoding = 4; lastKnownFileType = sourcecode.c.h; path = MJRefreshBackFooter.h; sourceTree = "<group>"; };
		F849711C1DEDBAA800A38BF6 /* MJRefreshBackFooter.m */ = {isa = PBXFileReference; fileEncoding = 4; lastKnownFileType = sourcecode.c.objc; path = MJRefreshBackFooter.m; sourceTree = "<group>"; };
		F849711D1DEDBAA800A38BF6 /* MJRefreshComponent.h */ = {isa = PBXFileReference; fileEncoding = 4; lastKnownFileType = sourcecode.c.h; path = MJRefreshComponent.h; sourceTree = "<group>"; };
		F849711E1DEDBAA800A38BF6 /* MJRefreshComponent.m */ = {isa = PBXFileReference; fileEncoding = 4; lastKnownFileType = sourcecode.c.objc; path = MJRefreshComponent.m; sourceTree = "<group>"; };
		F849711F1DEDBAA800A38BF6 /* MJRefreshFooter.h */ = {isa = PBXFileReference; fileEncoding = 4; lastKnownFileType = sourcecode.c.h; path = MJRefreshFooter.h; sourceTree = "<group>"; };
		F84971201DEDBAA800A38BF6 /* MJRefreshFooter.m */ = {isa = PBXFileReference; fileEncoding = 4; lastKnownFileType = sourcecode.c.objc; path = MJRefreshFooter.m; sourceTree = "<group>"; };
		F84971211DEDBAA800A38BF6 /* MJRefreshHeader.h */ = {isa = PBXFileReference; fileEncoding = 4; lastKnownFileType = sourcecode.c.h; path = MJRefreshHeader.h; sourceTree = "<group>"; };
		F84971221DEDBAA800A38BF6 /* MJRefreshHeader.m */ = {isa = PBXFileReference; fileEncoding = 4; lastKnownFileType = sourcecode.c.objc; path = MJRefreshHeader.m; sourceTree = "<group>"; };
		F84971261DEDBAA800A38BF6 /* MJRefreshAutoGifFooter.h */ = {isa = PBXFileReference; fileEncoding = 4; lastKnownFileType = sourcecode.c.h; path = MJRefreshAutoGifFooter.h; sourceTree = "<group>"; };
		F84971271DEDBAA800A38BF6 /* MJRefreshAutoGifFooter.m */ = {isa = PBXFileReference; fileEncoding = 4; lastKnownFileType = sourcecode.c.objc; path = MJRefreshAutoGifFooter.m; sourceTree = "<group>"; };
		F84971281DEDBAA800A38BF6 /* MJRefreshAutoNormalFooter.h */ = {isa = PBXFileReference; fileEncoding = 4; lastKnownFileType = sourcecode.c.h; path = MJRefreshAutoNormalFooter.h; sourceTree = "<group>"; };
		F84971291DEDBAA800A38BF6 /* MJRefreshAutoNormalFooter.m */ = {isa = PBXFileReference; fileEncoding = 4; lastKnownFileType = sourcecode.c.objc; path = MJRefreshAutoNormalFooter.m; sourceTree = "<group>"; };
		F849712A1DEDBAA800A38BF6 /* MJRefreshAutoStateFooter.h */ = {isa = PBXFileReference; fileEncoding = 4; lastKnownFileType = sourcecode.c.h; path = MJRefreshAutoStateFooter.h; sourceTree = "<group>"; };
		F849712B1DEDBAA800A38BF6 /* MJRefreshAutoStateFooter.m */ = {isa = PBXFileReference; fileEncoding = 4; lastKnownFileType = sourcecode.c.objc; path = MJRefreshAutoStateFooter.m; sourceTree = "<group>"; };
		F849712D1DEDBAA800A38BF6 /* MJRefreshBackGifFooter.h */ = {isa = PBXFileReference; fileEncoding = 4; lastKnownFileType = sourcecode.c.h; path = MJRefreshBackGifFooter.h; sourceTree = "<group>"; };
		F849712E1DEDBAA800A38BF6 /* MJRefreshBackGifFooter.m */ = {isa = PBXFileReference; fileEncoding = 4; lastKnownFileType = sourcecode.c.objc; path = MJRefreshBackGifFooter.m; sourceTree = "<group>"; };
		F849712F1DEDBAA800A38BF6 /* MJRefreshBackNormalFooter.h */ = {isa = PBXFileReference; fileEncoding = 4; lastKnownFileType = sourcecode.c.h; path = MJRefreshBackNormalFooter.h; sourceTree = "<group>"; };
		F84971301DEDBAA800A38BF6 /* MJRefreshBackNormalFooter.m */ = {isa = PBXFileReference; fileEncoding = 4; lastKnownFileType = sourcecode.c.objc; path = MJRefreshBackNormalFooter.m; sourceTree = "<group>"; };
		F84971311DEDBAA800A38BF6 /* MJRefreshBackStateFooter.h */ = {isa = PBXFileReference; fileEncoding = 4; lastKnownFileType = sourcecode.c.h; path = MJRefreshBackStateFooter.h; sourceTree = "<group>"; };
		F84971321DEDBAA800A38BF6 /* MJRefreshBackStateFooter.m */ = {isa = PBXFileReference; fileEncoding = 4; lastKnownFileType = sourcecode.c.objc; path = MJRefreshBackStateFooter.m; sourceTree = "<group>"; };
		F84971341DEDBAA800A38BF6 /* MJRefreshGifHeader.h */ = {isa = PBXFileReference; fileEncoding = 4; lastKnownFileType = sourcecode.c.h; path = MJRefreshGifHeader.h; sourceTree = "<group>"; };
		F84971351DEDBAA800A38BF6 /* MJRefreshGifHeader.m */ = {isa = PBXFileReference; fileEncoding = 4; lastKnownFileType = sourcecode.c.objc; path = MJRefreshGifHeader.m; sourceTree = "<group>"; };
		F84971361DEDBAA800A38BF6 /* MJRefreshNormalHeader.h */ = {isa = PBXFileReference; fileEncoding = 4; lastKnownFileType = sourcecode.c.h; path = MJRefreshNormalHeader.h; sourceTree = "<group>"; };
		F84971371DEDBAA800A38BF6 /* MJRefreshNormalHeader.m */ = {isa = PBXFileReference; fileEncoding = 4; lastKnownFileType = sourcecode.c.objc; path = MJRefreshNormalHeader.m; sourceTree = "<group>"; };
		F84971381DEDBAA800A38BF6 /* MJRefreshStateHeader.h */ = {isa = PBXFileReference; fileEncoding = 4; lastKnownFileType = sourcecode.c.h; path = MJRefreshStateHeader.h; sourceTree = "<group>"; };
		F84971391DEDBAA800A38BF6 /* MJRefreshStateHeader.m */ = {isa = PBXFileReference; fileEncoding = 4; lastKnownFileType = sourcecode.c.objc; path = MJRefreshStateHeader.m; sourceTree = "<group>"; };
		F849713A1DEDBAA800A38BF6 /* MJRefresh.bundle */ = {isa = PBXFileReference; lastKnownFileType = "wrapper.plug-in"; path = MJRefresh.bundle; sourceTree = "<group>"; };
		F849713B1DEDBAA800A38BF6 /* MJRefresh.h */ = {isa = PBXFileReference; fileEncoding = 4; lastKnownFileType = sourcecode.c.h; path = MJRefresh.h; sourceTree = "<group>"; };
		F849713C1DEDBAA800A38BF6 /* MJRefreshConst.h */ = {isa = PBXFileReference; fileEncoding = 4; lastKnownFileType = sourcecode.c.h; path = MJRefreshConst.h; sourceTree = "<group>"; };
		F849713D1DEDBAA800A38BF6 /* MJRefreshConst.m */ = {isa = PBXFileReference; fileEncoding = 4; lastKnownFileType = sourcecode.c.objc; path = MJRefreshConst.m; sourceTree = "<group>"; };
		F849713E1DEDBAA800A38BF6 /* NSBundle+MJRefresh.h */ = {isa = PBXFileReference; fileEncoding = 4; lastKnownFileType = sourcecode.c.h; path = "NSBundle+MJRefresh.h"; sourceTree = "<group>"; };
		F849713F1DEDBAA800A38BF6 /* NSBundle+MJRefresh.m */ = {isa = PBXFileReference; fileEncoding = 4; lastKnownFileType = sourcecode.c.objc; path = "NSBundle+MJRefresh.m"; sourceTree = "<group>"; };
		F84971401DEDBAA800A38BF6 /* UIScrollView+MJExtension.h */ = {isa = PBXFileReference; fileEncoding = 4; lastKnownFileType = sourcecode.c.h; path = "UIScrollView+MJExtension.h"; sourceTree = "<group>"; };
		F84971411DEDBAA800A38BF6 /* UIScrollView+MJExtension.m */ = {isa = PBXFileReference; fileEncoding = 4; lastKnownFileType = sourcecode.c.objc; path = "UIScrollView+MJExtension.m"; sourceTree = "<group>"; };
		F84971421DEDBAA800A38BF6 /* UIScrollView+MJRefresh.h */ = {isa = PBXFileReference; fileEncoding = 4; lastKnownFileType = sourcecode.c.h; path = "UIScrollView+MJRefresh.h"; sourceTree = "<group>"; };
		F84971431DEDBAA800A38BF6 /* UIScrollView+MJRefresh.m */ = {isa = PBXFileReference; fileEncoding = 4; lastKnownFileType = sourcecode.c.objc; path = "UIScrollView+MJRefresh.m"; sourceTree = "<group>"; };
		F84971441DEDBAA800A38BF6 /* UIView+MJExtension.h */ = {isa = PBXFileReference; fileEncoding = 4; lastKnownFileType = sourcecode.c.h; path = "UIView+MJExtension.h"; sourceTree = "<group>"; };
		F84971451DEDBAA800A38BF6 /* UIView+MJExtension.m */ = {isa = PBXFileReference; fileEncoding = 4; lastKnownFileType = sourcecode.c.objc; path = "UIView+MJExtension.m"; sourceTree = "<group>"; };
/* End PBXFileReference section */

/* Begin PBXFrameworksBuildPhase section */
		F84970C31DEDB76700A38BF6 /* Frameworks */ = {
			isa = PBXFrameworksBuildPhase;
			buildActionMask = 2147483647;
			files = (
			);
			runOnlyForDeploymentPostprocessing = 0;
		};
		F84970DC1DEDB76700A38BF6 /* Frameworks */ = {
			isa = PBXFrameworksBuildPhase;
			buildActionMask = 2147483647;
			files = (
			);
			runOnlyForDeploymentPostprocessing = 0;
		};
		F84970E71DEDB76700A38BF6 /* Frameworks */ = {
			isa = PBXFrameworksBuildPhase;
			buildActionMask = 2147483647;
			files = (
			);
			runOnlyForDeploymentPostprocessing = 0;
		};
/* End PBXFrameworksBuildPhase section */

/* Begin PBXGroup section */
		F84970BD1DEDB76700A38BF6 = {
			isa = PBXGroup;
			children = (
				F84970C81DEDB76700A38BF6 /* YLSetting */,
				F84970E21DEDB76700A38BF6 /* YLSettingTests */,
				F84970ED1DEDB76700A38BF6 /* YLSettingUITests */,
				F84970C71DEDB76700A38BF6 /* Products */,
			);
			sourceTree = "<group>";
		};
		F84970C71DEDB76700A38BF6 /* Products */ = {
			isa = PBXGroup;
			children = (
				F84970C61DEDB76700A38BF6 /* YLSetting.app */,
				F84970DF1DEDB76700A38BF6 /* YLSettingTests.xctest */,
				F84970EA1DEDB76700A38BF6 /* YLSettingUITests.xctest */,
			);
			name = Products;
			sourceTree = "<group>";
		};
		F84970C81DEDB76700A38BF6 /* YLSetting */ = {
			isa = PBXGroup;
			children = (
				F84970FC1DEDB7CD00A38BF6 /* Main */,
				F84971001DEDB7CD00A38BF6 /* Setting */,
				F84971041DEDB7CD00A38BF6 /* Discover */,
				F84971081DEDB7CD00A38BF6 /* Home */,
				F84971121DEDB86700A38BF6 /* Category */,
				F84971161DEDB8E200A38BF6 /* ThirdParty */,
				F84970CC1DEDB76700A38BF6 /* AppDelegate.h */,
				F84970CD1DEDB76700A38BF6 /* AppDelegate.m */,
				F84970D21DEDB76700A38BF6 /* Main.storyboard */,
				F84970D51DEDB76700A38BF6 /* Assets.xcassets */,
				F84970D71DEDB76700A38BF6 /* LaunchScreen.storyboard */,
				F84970DA1DEDB76700A38BF6 /* Info.plist */,
				F84970C91DEDB76700A38BF6 /* Supporting Files */,
			);
			path = YLSetting;
			sourceTree = "<group>";
		};
		F84970C91DEDB76700A38BF6 /* Supporting Files */ = {
			isa = PBXGroup;
			children = (
				F84970CA1DEDB76700A38BF6 /* main.m */,
			);
			name = "Supporting Files";
			sourceTree = "<group>";
		};
		F84970E21DEDB76700A38BF6 /* YLSettingTests */ = {
			isa = PBXGroup;
			children = (
				F84970E31DEDB76700A38BF6 /* YLSettingTests.m */,
				F84970E51DEDB76700A38BF6 /* Info.plist */,
			);
			path = YLSettingTests;
			sourceTree = "<group>";
		};
		F84970ED1DEDB76700A38BF6 /* YLSettingUITests */ = {
			isa = PBXGroup;
			children = (
				F84970EE1DEDB76700A38BF6 /* YLSettingUITests.m */,
				F84970F01DEDB76700A38BF6 /* Info.plist */,
			);
			path = YLSettingUITests;
			sourceTree = "<group>";
		};
		F84970FC1DEDB7CD00A38BF6 /* Main */ = {
			isa = PBXGroup;
			children = (
				F84970FD1DEDB7CD00A38BF6 /* Controller */,
				F84970FE1DEDB7CD00A38BF6 /* Model */,
				F84970FF1DEDB7CD00A38BF6 /* View */,
			);
			path = Main;
			sourceTree = "<group>";
		};
		F84970FD1DEDB7CD00A38BF6 /* Controller */ = {
			isa = PBXGroup;
			children = (
			);
			path = Controller;
			sourceTree = "<group>";
		};
		F84970FE1DEDB7CD00A38BF6 /* Model */ = {
			isa = PBXGroup;
			children = (
			);
			path = Model;
			sourceTree = "<group>";
		};
		F84970FF1DEDB7CD00A38BF6 /* View */ = {
			isa = PBXGroup;
			children = (
			);
			path = View;
			sourceTree = "<group>";
		};
		F84971001DEDB7CD00A38BF6 /* Setting */ = {
			isa = PBXGroup;
			children = (
				F84971011DEDB7CD00A38BF6 /* Controller */,
				F84971021DEDB7CD00A38BF6 /* Model */,
				F84971031DEDB7CD00A38BF6 /* View */,
			);
			path = Setting;
			sourceTree = "<group>";
		};
		F84971011DEDB7CD00A38BF6 /* Controller */ = {
			isa = PBXGroup;
			children = (
				F849710C1DEDB7F600A38BF6 /* UserHomePageVC.h */,
				F849710D1DEDB7F600A38BF6 /* UserHomePageVC.m */,
			);
			path = Controller;
			sourceTree = "<group>";
		};
		F84971021DEDB7CD00A38BF6 /* Model */ = {
			isa = PBXGroup;
			children = (
			);
			path = Model;
			sourceTree = "<group>";
		};
		F84971031DEDB7CD00A38BF6 /* View */ = {
			isa = PBXGroup;
			children = (
				F849710F1DEDB82500A38BF6 /* UserInfoHeaderView.h */,
				F84971101DEDB82500A38BF6 /* UserInfoHeaderView.m */,
			);
			path = View;
			sourceTree = "<group>";
		};
		F84971041DEDB7CD00A38BF6 /* Discover */ = {
			isa = PBXGroup;
			children = (
				F84971051DEDB7CD00A38BF6 /* Controller */,
				F84971061DEDB7CD00A38BF6 /* Model */,
				F84971071DEDB7CD00A38BF6 /* View */,
			);
			path = Discover;
			sourceTree = "<group>";
		};
		F84971051DEDB7CD00A38BF6 /* Controller */ = {
			isa = PBXGroup;
			children = (
			);
			path = Controller;
			sourceTree = "<group>";
		};
		F84971061DEDB7CD00A38BF6 /* Model */ = {
			isa = PBXGroup;
			children = (
			);
			path = Model;
			sourceTree = "<group>";
		};
		F84971071DEDB7CD00A38BF6 /* View */ = {
			isa = PBXGroup;
			children = (
			);
			path = View;
			sourceTree = "<group>";
		};
		F84971081DEDB7CD00A38BF6 /* Home */ = {
			isa = PBXGroup;
			children = (
				F84971091DEDB7CD00A38BF6 /* Controller */,
				F849710A1DEDB7CD00A38BF6 /* Model */,
				F849710B1DEDB7CD00A38BF6 /* View */,
			);
			path = Home;
			sourceTree = "<group>";
		};
		F84971091DEDB7CD00A38BF6 /* Controller */ = {
			isa = PBXGroup;
			children = (
			);
			path = Controller;
			sourceTree = "<group>";
		};
		F849710A1DEDB7CD00A38BF6 /* Model */ = {
			isa = PBXGroup;
			children = (
			);
			path = Model;
			sourceTree = "<group>";
		};
		F849710B1DEDB7CD00A38BF6 /* View */ = {
			isa = PBXGroup;
			children = (
			);
			path = View;
			sourceTree = "<group>";
		};
		F84971121DEDB86700A38BF6 /* Category */ = {
			isa = PBXGroup;
			children = (
				F84971131DEDB88300A38BF6 /* UIView+Frame.h */,
				F84971141DEDB88300A38BF6 /* UIView+Frame.m */,
			);
			path = Category;
			sourceTree = "<group>";
		};
		F84971161DEDB8E200A38BF6 /* ThirdParty */ = {
			isa = PBXGroup;
			children = (
				F84971171DEDBAA800A38BF6 /* MJRefresh */,
			);
			path = ThirdParty;
			sourceTree = "<group>";
		};
		F84971171DEDBAA800A38BF6 /* MJRefresh */ = {
			isa = PBXGroup;
			children = (
				F84971181DEDBAA800A38BF6 /* Base */,
				F84971231DEDBAA800A38BF6 /* Custom */,
				F849713A1DEDBAA800A38BF6 /* MJRefresh.bundle */,
				F849713B1DEDBAA800A38BF6 /* MJRefresh.h */,
				F849713C1DEDBAA800A38BF6 /* MJRefreshConst.h */,
				F849713D1DEDBAA800A38BF6 /* MJRefreshConst.m */,
				F849713E1DEDBAA800A38BF6 /* NSBundle+MJRefresh.h */,
				F849713F1DEDBAA800A38BF6 /* NSBundle+MJRefresh.m */,
				F84971401DEDBAA800A38BF6 /* UIScrollView+MJExtension.h */,
				F84971411DEDBAA800A38BF6 /* UIScrollView+MJExtension.m */,
				F84971421DEDBAA800A38BF6 /* UIScrollView+MJRefresh.h */,
				F84971431DEDBAA800A38BF6 /* UIScrollView+MJRefresh.m */,
				F84971441DEDBAA800A38BF6 /* UIView+MJExtension.h */,
				F84971451DEDBAA800A38BF6 /* UIView+MJExtension.m */,
			);
			path = MJRefresh;
			sourceTree = "<group>";
		};
		F84971181DEDBAA800A38BF6 /* Base */ = {
			isa = PBXGroup;
			children = (
				F84971191DEDBAA800A38BF6 /* MJRefreshAutoFooter.h */,
				F849711A1DEDBAA800A38BF6 /* MJRefreshAutoFooter.m */,
				F849711B1DEDBAA800A38BF6 /* MJRefreshBackFooter.h */,
				F849711C1DEDBAA800A38BF6 /* MJRefreshBackFooter.m */,
				F849711D1DEDBAA800A38BF6 /* MJRefreshComponent.h */,
				F849711E1DEDBAA800A38BF6 /* MJRefreshComponent.m */,
				F849711F1DEDBAA800A38BF6 /* MJRefreshFooter.h */,
				F84971201DEDBAA800A38BF6 /* MJRefreshFooter.m */,
				F84971211DEDBAA800A38BF6 /* MJRefreshHeader.h */,
				F84971221DEDBAA800A38BF6 /* MJRefreshHeader.m */,
			);
			path = Base;
			sourceTree = "<group>";
		};
		F84971231DEDBAA800A38BF6 /* Custom */ = {
			isa = PBXGroup;
			children = (
				F84971241DEDBAA800A38BF6 /* Footer */,
				F84971331DEDBAA800A38BF6 /* Header */,
			);
			path = Custom;
			sourceTree = "<group>";
		};
		F84971241DEDBAA800A38BF6 /* Footer */ = {
			isa = PBXGroup;
			children = (
				F84971251DEDBAA800A38BF6 /* Auto */,
				F849712C1DEDBAA800A38BF6 /* Back */,
			);
			path = Footer;
			sourceTree = "<group>";
		};
		F84971251DEDBAA800A38BF6 /* Auto */ = {
			isa = PBXGroup;
			children = (
				F84971261DEDBAA800A38BF6 /* MJRefreshAutoGifFooter.h */,
				F84971271DEDBAA800A38BF6 /* MJRefreshAutoGifFooter.m */,
				F84971281DEDBAA800A38BF6 /* MJRefreshAutoNormalFooter.h */,
				F84971291DEDBAA800A38BF6 /* MJRefreshAutoNormalFooter.m */,
				F849712A1DEDBAA800A38BF6 /* MJRefreshAutoStateFooter.h */,
				F849712B1DEDBAA800A38BF6 /* MJRefreshAutoStateFooter.m */,
			);
			path = Auto;
			sourceTree = "<group>";
		};
		F849712C1DEDBAA800A38BF6 /* Back */ = {
			isa = PBXGroup;
			children = (
				F849712D1DEDBAA800A38BF6 /* MJRefreshBackGifFooter.h */,
				F849712E1DEDBAA800A38BF6 /* MJRefreshBackGifFooter.m */,
				F849712F1DEDBAA800A38BF6 /* MJRefreshBackNormalFooter.h */,
				F84971301DEDBAA800A38BF6 /* MJRefreshBackNormalFooter.m */,
				F84971311DEDBAA800A38BF6 /* MJRefreshBackStateFooter.h */,
				F84971321DEDBAA800A38BF6 /* MJRefreshBackStateFooter.m */,
			);
			path = Back;
			sourceTree = "<group>";
		};
		F84971331DEDBAA800A38BF6 /* Header */ = {
			isa = PBXGroup;
			children = (
				F84971341DEDBAA800A38BF6 /* MJRefreshGifHeader.h */,
				F84971351DEDBAA800A38BF6 /* MJRefreshGifHeader.m */,
				F84971361DEDBAA800A38BF6 /* MJRefreshNormalHeader.h */,
				F84971371DEDBAA800A38BF6 /* MJRefreshNormalHeader.m */,
				F84971381DEDBAA800A38BF6 /* MJRefreshStateHeader.h */,
				F84971391DEDBAA800A38BF6 /* MJRefreshStateHeader.m */,
			);
			path = Header;
			sourceTree = "<group>";
		};
/* End PBXGroup section */

/* Begin PBXNativeTarget section */
		F84970C51DEDB76700A38BF6 /* YLSetting */ = {
			isa = PBXNativeTarget;
			buildConfigurationList = F84970F31DEDB76700A38BF6 /* Build configuration list for PBXNativeTarget "YLSetting" */;
			buildPhases = (
				F84970C21DEDB76700A38BF6 /* Sources */,
				F84970C31DEDB76700A38BF6 /* Frameworks */,
				F84970C41DEDB76700A38BF6 /* Resources */,
			);
			buildRules = (
			);
			dependencies = (
			);
			name = YLSetting;
			productName = YLSetting;
			productReference = F84970C61DEDB76700A38BF6 /* YLSetting.app */;
			productType = "com.apple.product-type.application";
		};
		F84970DE1DEDB76700A38BF6 /* YLSettingTests */ = {
			isa = PBXNativeTarget;
			buildConfigurationList = F84970F61DEDB76700A38BF6 /* Build configuration list for PBXNativeTarget "YLSettingTests" */;
			buildPhases = (
				F84970DB1DEDB76700A38BF6 /* Sources */,
				F84970DC1DEDB76700A38BF6 /* Frameworks */,
				F84970DD1DEDB76700A38BF6 /* Resources */,
			);
			buildRules = (
			);
			dependencies = (
				F84970E11DEDB76700A38BF6 /* PBXTargetDependency */,
			);
			name = YLSettingTests;
			productName = YLSettingTests;
			productReference = F84970DF1DEDB76700A38BF6 /* YLSettingTests.xctest */;
			productType = "com.apple.product-type.bundle.unit-test";
		};
		F84970E91DEDB76700A38BF6 /* YLSettingUITests */ = {
			isa = PBXNativeTarget;
			buildConfigurationList = F84970F91DEDB76700A38BF6 /* Build configuration list for PBXNativeTarget "YLSettingUITests" */;
			buildPhases = (
				F84970E61DEDB76700A38BF6 /* Sources */,
				F84970E71DEDB76700A38BF6 /* Frameworks */,
				F84970E81DEDB76700A38BF6 /* Resources */,
			);
			buildRules = (
			);
			dependencies = (
				F84970EC1DEDB76700A38BF6 /* PBXTargetDependency */,
			);
			name = YLSettingUITests;
			productName = YLSettingUITests;
			productReference = F84970EA1DEDB76700A38BF6 /* YLSettingUITests.xctest */;
			productType = "com.apple.product-type.bundle.ui-testing";
		};
/* End PBXNativeTarget section */

/* Begin PBXProject section */
		F84970BE1DEDB76700A38BF6 /* Project object */ = {
			isa = PBXProject;
			attributes = {
				LastUpgradeCheck = 0810;
				ORGANIZATIONNAME = HelloYeah;
				TargetAttributes = {
					F84970C51DEDB76700A38BF6 = {
						CreatedOnToolsVersion = 8.1;
						DevelopmentTeam = W55448EFBF;
						ProvisioningStyle = Automatic;
					};
					F84970DE1DEDB76700A38BF6 = {
						CreatedOnToolsVersion = 8.1;
						DevelopmentTeam = W55448EFBF;
						ProvisioningStyle = Automatic;
						TestTargetID = F84970C51DEDB76700A38BF6;
					};
					F84970E91DEDB76700A38BF6 = {
						CreatedOnToolsVersion = 8.1;
						DevelopmentTeam = W55448EFBF;
						ProvisioningStyle = Automatic;
						TestTargetID = F84970C51DEDB76700A38BF6;
					};
				};
			};
			buildConfigurationList = F84970C11DEDB76700A38BF6 /* Build configuration list for PBXProject "YLSetting" */;
			compatibilityVersion = "Xcode 3.2";
			developmentRegion = English;
			hasScannedForEncodings = 0;
			knownRegions = (
				en,
				Base,
			);
			mainGroup = F84970BD1DEDB76700A38BF6;
			productRefGroup = F84970C71DEDB76700A38BF6 /* Products */;
			projectDirPath = "";
			projectRoot = "";
			targets = (
				F84970C51DEDB76700A38BF6 /* YLSetting */,
				F84970DE1DEDB76700A38BF6 /* YLSettingTests */,
				F84970E91DEDB76700A38BF6 /* YLSettingUITests */,
			);
		};
/* End PBXProject section */

/* Begin PBXResourcesBuildPhase section */
		F84970C41DEDB76700A38BF6 /* Resources */ = {
			isa = PBXResourcesBuildPhase;
			buildActionMask = 2147483647;
			files = (
				F84970D91DEDB76700A38BF6 /* LaunchScreen.storyboard in Resources */,
				F84970D61DEDB76700A38BF6 /* Assets.xcassets in Resources */,
				F84971541DEDBAA800A38BF6 /* MJRefresh.bundle in Resources */,
				F84970D41DEDB76700A38BF6 /* Main.storyboard in Resources */,
			);
			runOnlyForDeploymentPostprocessing = 0;
		};
		F84970DD1DEDB76700A38BF6 /* Resources */ = {
			isa = PBXResourcesBuildPhase;
			buildActionMask = 2147483647;
			files = (
			);
			runOnlyForDeploymentPostprocessing = 0;
		};
		F84970E81DEDB76700A38BF6 /* Resources */ = {
			isa = PBXResourcesBuildPhase;
			buildActionMask = 2147483647;
			files = (
			);
			runOnlyForDeploymentPostprocessing = 0;
		};
/* End PBXResourcesBuildPhase section */

/* Begin PBXSourcesBuildPhase section */
		F84970C21DEDB76700A38BF6 /* Sources */ = {
			isa = PBXSourcesBuildPhase;
			buildActionMask = 2147483647;
			files = (
				F84971151DEDB88300A38BF6 /* UIView+Frame.m in Sources */,
				F84971461DEDBAA800A38BF6 /* MJRefreshAutoFooter.m in Sources */,
				F849714D1DEDBAA800A38BF6 /* MJRefreshAutoStateFooter.m in Sources */,
				F84971501DEDBAA800A38BF6 /* MJRefreshBackStateFooter.m in Sources */,
				F84971531DEDBAA800A38BF6 /* MJRefreshStateHeader.m in Sources */,
				F84971111DEDB82500A38BF6 /* UserInfoHeaderView.m in Sources */,
				F84971571DEDBAA800A38BF6 /* UIScrollView+MJExtension.m in Sources */,
				F84971511DEDBAA800A38BF6 /* MJRefreshGifHeader.m in Sources */,
				F849714F1DEDBAA800A38BF6 /* MJRefreshBackNormalFooter.m in Sources */,
				F849710E1DEDB7F600A38BF6 /* UserHomePageVC.m in Sources */,
				F84971481DEDBAA800A38BF6 /* MJRefreshComponent.m in Sources */,
				F849714C1DEDBAA800A38BF6 /* MJRefreshAutoNormalFooter.m in Sources */,
				F84970CE1DEDB76700A38BF6 /* AppDelegate.m in Sources */,
				F849714B1DEDBAA800A38BF6 /* MJRefreshAutoGifFooter.m in Sources */,
				F84971471DEDBAA800A38BF6 /* MJRefreshBackFooter.m in Sources */,
				F84971591DEDBAA800A38BF6 /* UIView+MJExtension.m in Sources */,
				F84971561DEDBAA800A38BF6 /* NSBundle+MJRefresh.m in Sources */,
				F84970CB1DEDB76700A38BF6 /* main.m in Sources */,
				F84971491DEDBAA800A38BF6 /* MJRefreshFooter.m in Sources */,
				F84971551DEDBAA800A38BF6 /* MJRefreshConst.m in Sources */,
				F84971581DEDBAA800A38BF6 /* UIScrollView+MJRefresh.m in Sources */,
				F849714E1DEDBAA800A38BF6 /* MJRefreshBackGifFooter.m in Sources */,
				F849714A1DEDBAA800A38BF6 /* MJRefreshHeader.m in Sources */,
				F84971521DEDBAA800A38BF6 /* MJRefreshNormalHeader.m in Sources */,
			);
			runOnlyForDeploymentPostprocessing = 0;
		};
		F84970DB1DEDB76700A38BF6 /* Sources */ = {
			isa = PBXSourcesBuildPhase;
			buildActionMask = 2147483647;
			files = (
				F84970E41DEDB76700A38BF6 /* YLSettingTests.m in Sources */,
			);
			runOnlyForDeploymentPostprocessing = 0;
		};
		F84970E61DEDB76700A38BF6 /* Sources */ = {
			isa = PBXSourcesBuildPhase;
			buildActionMask = 2147483647;
			files = (
				F84970EF1DEDB76700A38BF6 /* YLSettingUITests.m in Sources */,
			);
			runOnlyForDeploymentPostprocessing = 0;
		};
/* End PBXSourcesBuildPhase section */

/* Begin PBXTargetDependency section */
		F84970E11DEDB76700A38BF6 /* PBXTargetDependency */ = {
			isa = PBXTargetDependency;
			target = F84970C51DEDB76700A38BF6 /* YLSetting */;
			targetProxy = F84970E01DEDB76700A38BF6 /* PBXContainerItemProxy */;
		};
		F84970EC1DEDB76700A38BF6 /* PBXTargetDependency */ = {
			isa = PBXTargetDependency;
			target = F84970C51DEDB76700A38BF6 /* YLSetting */;
			targetProxy = F84970EB1DEDB76700A38BF6 /* PBXContainerItemProxy */;
		};
/* End PBXTargetDependency section */

/* Begin PBXVariantGroup section */
		F84970D21DEDB76700A38BF6 /* Main.storyboard */ = {
			isa = PBXVariantGroup;
			children = (
				F84970D31DEDB76700A38BF6 /* Base */,
			);
			name = Main.storyboard;
			sourceTree = "<group>";
		};
		F84970D71DEDB76700A38BF6 /* LaunchScreen.storyboard */ = {
			isa = PBXVariantGroup;
			children = (
				F84970D81DEDB76700A38BF6 /* Base */,
			);
			name = LaunchScreen.storyboard;
			sourceTree = "<group>";
		};
/* End PBXVariantGroup section */

/* Begin XCBuildConfiguration section */
		F84970F11DEDB76700A38BF6 /* Debug */ = {
			isa = XCBuildConfiguration;
			buildSettings = {
				ALWAYS_SEARCH_USER_PATHS = NO;
				CLANG_ANALYZER_NONNULL = YES;
				CLANG_CXX_LANGUAGE_STANDARD = "gnu++0x";
				CLANG_CXX_LIBRARY = "libc++";
				CLANG_ENABLE_MODULES = YES;
				CLANG_ENABLE_OBJC_ARC = YES;
				CLANG_WARN_BOOL_CONVERSION = YES;
				CLANG_WARN_CONSTANT_CONVERSION = YES;
				CLANG_WARN_DIRECT_OBJC_ISA_USAGE = YES_ERROR;
				CLANG_WARN_DOCUMENTATION_COMMENTS = YES;
				CLANG_WARN_EMPTY_BODY = YES;
				CLANG_WARN_ENUM_CONVERSION = YES;
				CLANG_WARN_INFINITE_RECURSION = YES;
				CLANG_WARN_INT_CONVERSION = YES;
				CLANG_WARN_OBJC_ROOT_CLASS = YES_ERROR;
				CLANG_WARN_SUSPICIOUS_MOVES = YES;
				CLANG_WARN_UNREACHABLE_CODE = YES;
				CLANG_WARN__DUPLICATE_METHOD_MATCH = YES;
				"CODE_SIGN_IDENTITY[sdk=iphoneos*]" = "iPhone Developer";
				COPY_PHASE_STRIP = NO;
				DEBUG_INFORMATION_FORMAT = dwarf;
				ENABLE_STRICT_OBJC_MSGSEND = YES;
				ENABLE_TESTABILITY = YES;
				GCC_C_LANGUAGE_STANDARD = gnu99;
				GCC_DYNAMIC_NO_PIC = NO;
				GCC_NO_COMMON_BLOCKS = YES;
				GCC_OPTIMIZATION_LEVEL = 0;
				GCC_PREPROCESSOR_DEFINITIONS = (
					"DEBUG=1",
					"$(inherited)",
				);
				GCC_WARN_64_TO_32_BIT_CONVERSION = YES;
				GCC_WARN_ABOUT_RETURN_TYPE = YES_ERROR;
				GCC_WARN_UNDECLARED_SELECTOR = YES;
				GCC_WARN_UNINITIALIZED_AUTOS = YES_AGGRESSIVE;
				GCC_WARN_UNUSED_FUNCTION = YES;
				GCC_WARN_UNUSED_VARIABLE = YES;
				IPHONEOS_DEPLOYMENT_TARGET = 10.1;
				MTL_ENABLE_DEBUG_INFO = YES;
				ONLY_ACTIVE_ARCH = YES;
				SDKROOT = iphoneos;
				TARGETED_DEVICE_FAMILY = "1,2";
			};
			name = Debug;
		};
		F84970F21DEDB76700A38BF6 /* Release */ = {
			isa = XCBuildConfiguration;
			buildSettings = {
				ALWAYS_SEARCH_USER_PATHS = NO;
				CLANG_ANALYZER_NONNULL = YES;
				CLANG_CXX_LANGUAGE_STANDARD = "gnu++0x";
				CLANG_CXX_LIBRARY = "libc++";
				CLANG_ENABLE_MODULES = YES;
				CLANG_ENABLE_OBJC_ARC = YES;
				CLANG_WARN_BOOL_CONVERSION = YES;
				CLANG_WARN_CONSTANT_CONVERSION = YES;
				CLANG_WARN_DIRECT_OBJC_ISA_USAGE = YES_ERROR;
				CLANG_WARN_DOCUMENTATION_COMMENTS = YES;
				CLANG_WARN_EMPTY_BODY = YES;
				CLANG_WARN_ENUM_CONVERSION = YES;
				CLANG_WARN_INFINITE_RECURSION = YES;
				CLANG_WARN_INT_CONVERSION = YES;
				CLANG_WARN_OBJC_ROOT_CLASS = YES_ERROR;
				CLANG_WARN_SUSPICIOUS_MOVES = YES;
				CLANG_WARN_UNREACHABLE_CODE = YES;
				CLANG_WARN__DUPLICATE_METHOD_MATCH = YES;
				"CODE_SIGN_IDENTITY[sdk=iphoneos*]" = "iPhone Developer";
				COPY_PHASE_STRIP = NO;
				DEBUG_INFORMATION_FORMAT = "dwarf-with-dsym";
				ENABLE_NS_ASSERTIONS = NO;
				ENABLE_STRICT_OBJC_MSGSEND = YES;
				GCC_C_LANGUAGE_STANDARD = gnu99;
				GCC_NO_COMMON_BLOCKS = YES;
				GCC_WARN_64_TO_32_BIT_CONVERSION = YES;
				GCC_WARN_ABOUT_RETURN_TYPE = YES_ERROR;
				GCC_WARN_UNDECLARED_SELECTOR = YES;
				GCC_WARN_UNINITIALIZED_AUTOS = YES_AGGRESSIVE;
				GCC_WARN_UNUSED_FUNCTION = YES;
				GCC_WARN_UNUSED_VARIABLE = YES;
				IPHONEOS_DEPLOYMENT_TARGET = 10.1;
				MTL_ENABLE_DEBUG_INFO = NO;
				SDKROOT = iphoneos;
				TARGETED_DEVICE_FAMILY = "1,2";
				VALIDATE_PRODUCT = YES;
			};
			name = Release;
		};
		F84970F41DEDB76700A38BF6 /* Debug */ = {
			isa = XCBuildConfiguration;
			buildSettings = {
				ASSETCATALOG_COMPILER_APPICON_NAME = AppIcon;
				DEVELOPMENT_TEAM = W55448EFBF;
				INFOPLIST_FILE = YLSetting/Info.plist;
				IPHONEOS_DEPLOYMENT_TARGET = 9.2;
				LD_RUNPATH_SEARCH_PATHS = "$(inherited) @executable_path/Frameworks";
				PRODUCT_BUNDLE_IDENTIFIER = yeliang.YLSetting;
				PRODUCT_NAME = "$(TARGET_NAME)";
			};
			name = Debug;
		};
		F84970F51DEDB76700A38BF6 /* Release */ = {
			isa = XCBuildConfiguration;
			buildSettings = {
				ASSETCATALOG_COMPILER_APPICON_NAME = AppIcon;
				DEVELOPMENT_TEAM = W55448EFBF;
				INFOPLIST_FILE = YLSetting/Info.plist;
				IPHONEOS_DEPLOYMENT_TARGET = 9.2;
				LD_RUNPATH_SEARCH_PATHS = "$(inherited) @executable_path/Frameworks";
				PRODUCT_BUNDLE_IDENTIFIER = yeliang.YLSetting;
				PRODUCT_NAME = "$(TARGET_NAME)";
			};
			name = Release;
		};
		F84970F71DEDB76700A38BF6 /* Debug */ = {
			isa = XCBuildConfiguration;
			buildSettings = {
				BUNDLE_LOADER = "$(TEST_HOST)";
				DEVELOPMENT_TEAM = W55448EFBF;
				INFOPLIST_FILE = YLSettingTests/Info.plist;
				LD_RUNPATH_SEARCH_PATHS = "$(inherited) @executable_path/Frameworks @loader_path/Frameworks";
				PRODUCT_BUNDLE_IDENTIFIER = yeliang.YLSettingTests;
				PRODUCT_NAME = "$(TARGET_NAME)";
				TEST_HOST = "$(BUILT_PRODUCTS_DIR)/YLSetting.app/YLSetting";
			};
			name = Debug;
		};
		F84970F81DEDB76700A38BF6 /* Release */ = {
			isa = XCBuildConfiguration;
			buildSettings = {
				BUNDLE_LOADER = "$(TEST_HOST)";
				DEVELOPMENT_TEAM = W55448EFBF;
				INFOPLIST_FILE = YLSettingTests/Info.plist;
				LD_RUNPATH_SEARCH_PATHS = "$(inherited) @executable_path/Frameworks @loader_path/Frameworks";
				PRODUCT_BUNDLE_IDENTIFIER = yeliang.YLSettingTests;
				PRODUCT_NAME = "$(TARGET_NAME)";
				TEST_HOST = "$(BUILT_PRODUCTS_DIR)/YLSetting.app/YLSetting";
			};
			name = Release;
		};
		F84970FA1DEDB76700A38BF6 /* Debug */ = {
			isa = XCBuildConfiguration;
			buildSettings = {
				DEVELOPMENT_TEAM = W55448EFBF;
				INFOPLIST_FILE = YLSettingUITests/Info.plist;
				LD_RUNPATH_SEARCH_PATHS = "$(inherited) @executable_path/Frameworks @loader_path/Frameworks";
				PRODUCT_BUNDLE_IDENTIFIER = yeliang.YLSettingUITests;
				PRODUCT_NAME = "$(TARGET_NAME)";
				TEST_TARGET_NAME = YLSetting;
			};
			name = Debug;
		};
		F84970FB1DEDB76700A38BF6 /* Release */ = {
			isa = XCBuildConfiguration;
			buildSettings = {
				DEVELOPMENT_TEAM = W55448EFBF;
				INFOPLIST_FILE = YLSettingUITests/Info.plist;
				LD_RUNPATH_SEARCH_PATHS = "$(inherited) @executable_path/Frameworks @loader_path/Frameworks";
				PRODUCT_BUNDLE_IDENTIFIER = yeliang.YLSettingUITests;
				PRODUCT_NAME = "$(TARGET_NAME)";
				TEST_TARGET_NAME = YLSetting;
			};
			name = Release;
		};
/* End XCBuildConfiguration section */

/* Begin XCConfigurationList section */
		F84970C11DEDB76700A38BF6 /* Build configuration list for PBXProject "YLSetting" */ = {
			isa = XCConfigurationList;
			buildConfigurations = (
				F84970F11DEDB76700A38BF6 /* Debug */,
				F84970F21DEDB76700A38BF6 /* Release */,
			);
			defaultConfigurationIsVisible = 0;
			defaultConfigurationName = Release;
		};
		F84970F31DEDB76700A38BF6 /* Build configuration list for PBXNativeTarget "YLSetting" */ = {
			isa = XCConfigurationList;
			buildConfigurations = (
				F84970F41DEDB76700A38BF6 /* Debug */,
				F84970F51DEDB76700A38BF6 /* Release */,
			);
			defaultConfigurationIsVisible = 0;
			defaultConfigurationName = Release;
		};
		F84970F61DEDB76700A38BF6 /* Build configuration list for PBXNativeTarget "YLSettingTests" */ = {
			isa = XCConfigurationList;
			buildConfigurations = (
				F84970F71DEDB76700A38BF6 /* Debug */,
				F84970F81DEDB76700A38BF6 /* Release */,
			);
			defaultConfigurationIsVisible = 0;
			defaultConfigurationName = Release;
		};
		F84970F91DEDB76700A38BF6 /* Build configuration list for PBXNativeTarget "YLSettingUITests" */ = {
			isa = XCConfigurationList;
			buildConfigurations = (
				F84970FA1DEDB76700A38BF6 /* Debug */,
				F84970FB1DEDB76700A38BF6 /* Release */,
			);
			defaultConfigurationIsVisible = 0;
			defaultConfigurationName = Release;
		};
/* End XCConfigurationList section */
	};
	rootObject = F84970BE1DEDB76700A38BF6 /* Project object */;
}
